// !$*UTF8*$!
{
	archiveVersion = 1;
	classes = {
	};
	objectVersion = 50;
	objects = {

/* Begin PBXBuildFile section */
		C36614E52630B1450060889B /* AppDelegate.swift in Sources */ = {isa = PBXBuildFile; fileRef = C36614E42630B1450060889B /* AppDelegate.swift */; };
		C36614E72630B1450060889B /* SceneDelegate.swift in Sources */ = {isa = PBXBuildFile; fileRef = C36614E62630B1450060889B /* SceneDelegate.swift */; };
		C36614E92630B1450060889B /* ViewController.swift in Sources */ = {isa = PBXBuildFile; fileRef = C36614E82630B1450060889B /* ViewController.swift */; };
		C36614EC2630B1450060889B /* Main.storyboard in Resources */ = {isa = PBXBuildFile; fileRef = C36614EA2630B1450060889B /* Main.storyboard */; };
		C36614EE2630B1460060889B /* Assets.xcassets in Resources */ = {isa = PBXBuildFile; fileRef = C36614ED2630B1460060889B /* Assets.xcassets */; };
		C36614F12630B1460060889B /* LaunchScreen.storyboard in Resources */ = {isa = PBXBuildFile; fileRef = C36614EF2630B1460060889B /* LaunchScreen.storyboard */; };
		C36614FC2630B1460060889B /* Komoot_Challenge_Carl_NashTests.swift in Sources */ = {isa = PBXBuildFile; fileRef = C36614FB2630B1460060889B /* Komoot_Challenge_Carl_NashTests.swift */; };
		C36615072630B1460060889B /* Komoot_Challenge_Carl_NashUITests.swift in Sources */ = {isa = PBXBuildFile; fileRef = C36615062630B1460060889B /* Komoot_Challenge_Carl_NashUITests.swift */; };
		C3EB066C263204FB00584AA9 /* PhotoCollectionViewCell.swift in Sources */ = {isa = PBXBuildFile; fileRef = C3EB066B263204FB00584AA9 /* PhotoCollectionViewCell.swift */; };
/* End PBXBuildFile section */

/* Begin PBXContainerItemProxy section */
		C36614F82630B1460060889B /* PBXContainerItemProxy */ = {
			isa = PBXContainerItemProxy;
			containerPortal = C36614D92630B1450060889B /* Project object */;
			proxyType = 1;
			remoteGlobalIDString = C36614E02630B1450060889B;
			remoteInfo = "Komoot Challenge Carl Nash";
		};
		C36615032630B1460060889B /* PBXContainerItemProxy */ = {
			isa = PBXContainerItemProxy;
			containerPortal = C36614D92630B1450060889B /* Project object */;
			proxyType = 1;
			remoteGlobalIDString = C36614E02630B1450060889B;
			remoteInfo = "Komoot Challenge Carl Nash";
		};
/* End PBXContainerItemProxy section */

/* Begin PBXFileReference section */
		C36614E12630B1450060889B /* Komoot Challenge Carl Nash.app */ = {isa = PBXFileReference; explicitFileType = wrapper.application; includeInIndex = 0; path = "Komoot Challenge Carl Nash.app"; sourceTree = BUILT_PRODUCTS_DIR; };
		C36614E42630B1450060889B /* AppDelegate.swift */ = {isa = PBXFileReference; lastKnownFileType = sourcecode.swift; path = AppDelegate.swift; sourceTree = "<group>"; };
		C36614E62630B1450060889B /* SceneDelegate.swift */ = {isa = PBXFileReference; lastKnownFileType = sourcecode.swift; path = SceneDelegate.swift; sourceTree = "<group>"; };
		C36614E82630B1450060889B /* ViewController.swift */ = {isa = PBXFileReference; lastKnownFileType = sourcecode.swift; path = ViewController.swift; sourceTree = "<group>"; };
		C36614EB2630B1450060889B /* Base */ = {isa = PBXFileReference; lastKnownFileType = file.storyboard; name = Base; path = Base.lproj/Main.storyboard; sourceTree = "<group>"; };
		C36614ED2630B1460060889B /* Assets.xcassets */ = {isa = PBXFileReference; lastKnownFileType = folder.assetcatalog; path = Assets.xcassets; sourceTree = "<group>"; };
		C36614F02630B1460060889B /* Base */ = {isa = PBXFileReference; lastKnownFileType = file.storyboard; name = Base; path = Base.lproj/LaunchScreen.storyboard; sourceTree = "<group>"; };
		C36614F22630B1460060889B /* Info.plist */ = {isa = PBXFileReference; lastKnownFileType = text.plist.xml; path = Info.plist; sourceTree = "<group>"; };
		C36614F72630B1460060889B /* Komoot Challenge Carl NashTests.xctest */ = {isa = PBXFileReference; explicitFileType = wrapper.cfbundle; includeInIndex = 0; path = "Komoot Challenge Carl NashTests.xctest"; sourceTree = BUILT_PRODUCTS_DIR; };
		C36614FB2630B1460060889B /* Komoot_Challenge_Carl_NashTests.swift */ = {isa = PBXFileReference; lastKnownFileType = sourcecode.swift; path = Komoot_Challenge_Carl_NashTests.swift; sourceTree = "<group>"; };
		C36614FD2630B1460060889B /* Info.plist */ = {isa = PBXFileReference; lastKnownFileType = text.plist.xml; path = Info.plist; sourceTree = "<group>"; };
		C36615022630B1460060889B /* Komoot Challenge Carl NashUITests.xctest */ = {isa = PBXFileReference; explicitFileType = wrapper.cfbundle; includeInIndex = 0; path = "Komoot Challenge Carl NashUITests.xctest"; sourceTree = BUILT_PRODUCTS_DIR; };
		C36615062630B1460060889B /* Komoot_Challenge_Carl_NashUITests.swift */ = {isa = PBXFileReference; lastKnownFileType = sourcecode.swift; path = Komoot_Challenge_Carl_NashUITests.swift; sourceTree = "<group>"; };
		C36615082630B1460060889B /* Info.plist */ = {isa = PBXFileReference; lastKnownFileType = text.plist.xml; path = Info.plist; sourceTree = "<group>"; };
		C3EB066B263204FB00584AA9 /* PhotoCollectionViewCell.swift */ = {isa = PBXFileReference; lastKnownFileType = sourcecode.swift; path = PhotoCollectionViewCell.swift; sourceTree = "<group>"; };
/* End PBXFileReference section */

/* Begin PBXFrameworksBuildPhase section */
		C36614DE2630B1450060889B /* Frameworks */ = {
			isa = PBXFrameworksBuildPhase;
			buildActionMask = 2147483647;
			files = (
			);
			runOnlyForDeploymentPostprocessing = 0;
		};
		C36614F42630B1460060889B /* Frameworks */ = {
			isa = PBXFrameworksBuildPhase;
			buildActionMask = 2147483647;
			files = (
			);
			runOnlyForDeploymentPostprocessing = 0;
		};
		C36614FF2630B1460060889B /* Frameworks */ = {
			isa = PBXFrameworksBuildPhase;
			buildActionMask = 2147483647;
			files = (
			);
			runOnlyForDeploymentPostprocessing = 0;
		};
/* End PBXFrameworksBuildPhase section */

/* Begin PBXGroup section */
		C36614D82630B1450060889B = {
			isa = PBXGroup;
			children = (
				C36614E32630B1450060889B /* Komoot Challenge Carl Nash */,
				C36614FA2630B1460060889B /* Komoot Challenge Carl NashTests */,
				C36615052630B1460060889B /* Komoot Challenge Carl NashUITests */,
				C36614E22630B1450060889B /* Products */,
			);
			sourceTree = "<group>";
		};
		C36614E22630B1450060889B /* Products */ = {
			isa = PBXGroup;
			children = (
				C36614E12630B1450060889B /* Komoot Challenge Carl Nash.app */,
				C36614F72630B1460060889B /* Komoot Challenge Carl NashTests.xctest */,
				C36615022630B1460060889B /* Komoot Challenge Carl NashUITests.xctest */,
			);
			name = Products;
			sourceTree = "<group>";
		};
		C36614E32630B1450060889B /* Komoot Challenge Carl Nash */ = {
			isa = PBXGroup;
			children = (
				C36614E42630B1450060889B /* AppDelegate.swift */,
				C36614E62630B1450060889B /* SceneDelegate.swift */,
				C36614E82630B1450060889B /* ViewController.swift */,
				C3EB066B263204FB00584AA9 /* PhotoCollectionViewCell.swift */,
				C36614EA2630B1450060889B /* Main.storyboard */,
				C36614ED2630B1460060889B /* Assets.xcassets */,
				C36614EF2630B1460060889B /* LaunchScreen.storyboard */,
				C36614F22630B1460060889B /* Info.plist */,
			);
			path = "Komoot Challenge Carl Nash";
			sourceTree = "<group>";
		};
		C36614FA2630B1460060889B /* Komoot Challenge Carl NashTests */ = {
			isa = PBXGroup;
			children = (
				C36614FB2630B1460060889B /* Komoot_Challenge_Carl_NashTests.swift */,
				C36614FD2630B1460060889B /* Info.plist */,
			);
			path = "Komoot Challenge Carl NashTests";
			sourceTree = "<group>";
		};
		C36615052630B1460060889B /* Komoot Challenge Carl NashUITests */ = {
			isa = PBXGroup;
			children = (
				C36615062630B1460060889B /* Komoot_Challenge_Carl_NashUITests.swift */,
				C36615082630B1460060889B /* Info.plist */,
			);
			path = "Komoot Challenge Carl NashUITests";
			sourceTree = "<group>";
		};
/* End PBXGroup section */

/* Begin PBXNativeTarget section */
		C36614E02630B1450060889B /* Komoot Challenge Carl Nash */ = {
			isa = PBXNativeTarget;
			buildConfigurationList = C366150B2630B1460060889B /* Build configuration list for PBXNativeTarget "Komoot Challenge Carl Nash" */;
			buildPhases = (
				C36614DD2630B1450060889B /* Sources */,
				C36614DE2630B1450060889B /* Frameworks */,
				C36614DF2630B1450060889B /* Resources */,
			);
			buildRules = (
			);
			dependencies = (
			);
			name = "Komoot Challenge Carl Nash";
			productName = "Komoot Challenge Carl Nash";
			productReference = C36614E12630B1450060889B /* Komoot Challenge Carl Nash.app */;
			productType = "com.apple.product-type.application";
		};
		C36614F62630B1460060889B /* Komoot Challenge Carl NashTests */ = {
			isa = PBXNativeTarget;
			buildConfigurationList = C366150E2630B1460060889B /* Build configuration list for PBXNativeTarget "Komoot Challenge Carl NashTests" */;
			buildPhases = (
				C36614F32630B1460060889B /* Sources */,
				C36614F42630B1460060889B /* Frameworks */,
				C36614F52630B1460060889B /* Resources */,
			);
			buildRules = (
			);
			dependencies = (
				C36614F92630B1460060889B /* PBXTargetDependency */,
			);
			name = "Komoot Challenge Carl NashTests";
			productName = "Komoot Challenge Carl NashTests";
			productReference = C36614F72630B1460060889B /* Komoot Challenge Carl NashTests.xctest */;
			productType = "com.apple.product-type.bundle.unit-test";
		};
		C36615012630B1460060889B /* Komoot Challenge Carl NashUITests */ = {
			isa = PBXNativeTarget;
			buildConfigurationList = C36615112630B1460060889B /* Build configuration list for PBXNativeTarget "Komoot Challenge Carl NashUITests" */;
			buildPhases = (
				C36614FE2630B1460060889B /* Sources */,
				C36614FF2630B1460060889B /* Frameworks */,
				C36615002630B1460060889B /* Resources */,
			);
			buildRules = (
			);
			dependencies = (
				C36615042630B1460060889B /* PBXTargetDependency */,
			);
			name = "Komoot Challenge Carl NashUITests";
			productName = "Komoot Challenge Carl NashUITests";
			productReference = C36615022630B1460060889B /* Komoot Challenge Carl NashUITests.xctest */;
			productType = "com.apple.product-type.bundle.ui-testing";
		};
/* End PBXNativeTarget section */

/* Begin PBXProject section */
		C36614D92630B1450060889B /* Project object */ = {
			isa = PBXProject;
			attributes = {
				LastSwiftUpdateCheck = 1230;
				LastUpgradeCheck = 1230;
				TargetAttributes = {
					C36614E02630B1450060889B = {
						CreatedOnToolsVersion = 12.3;
					};
					C36614F62630B1460060889B = {
						CreatedOnToolsVersion = 12.3;
						TestTargetID = C36614E02630B1450060889B;
					};
					C36615012630B1460060889B = {
						CreatedOnToolsVersion = 12.3;
						TestTargetID = C36614E02630B1450060889B;
					};
				};
			};
			buildConfigurationList = C36614DC2630B1450060889B /* Build configuration list for PBXProject "Komoot Challenge Carl Nash" */;
			compatibilityVersion = "Xcode 9.3";
			developmentRegion = en;
			hasScannedForEncodings = 0;
			knownRegions = (
				en,
				Base,
			);
			mainGroup = C36614D82630B1450060889B;
			productRefGroup = C36614E22630B1450060889B /* Products */;
			projectDirPath = "";
			projectRoot = "";
			targets = (
				C36614E02630B1450060889B /* Komoot Challenge Carl Nash */,
				C36614F62630B1460060889B /* Komoot Challenge Carl NashTests */,
				C36615012630B1460060889B /* Komoot Challenge Carl NashUITests */,
			);
		};
/* End PBXProject section */

/* Begin PBXResourcesBuildPhase section */
		C36614DF2630B1450060889B /* Resources */ = {
			isa = PBXResourcesBuildPhase;
			buildActionMask = 2147483647;
			files = (
				C36614F12630B1460060889B /* LaunchScreen.storyboard in Resources */,
				C36614EE2630B1460060889B /* Assets.xcassets in Resources */,
				C36614EC2630B1450060889B /* Main.storyboard in Resources */,
			);
			runOnlyForDeploymentPostprocessing = 0;
		};
		C36614F52630B1460060889B /* Resources */ = {
			isa = PBXResourcesBuildPhase;
			buildActionMask = 2147483647;
			files = (
			);
			runOnlyForDeploymentPostprocessing = 0;
		};
		C36615002630B1460060889B /* Resources */ = {
			isa = PBXResourcesBuildPhase;
			buildActionMask = 2147483647;
			files = (
			);
			runOnlyForDeploymentPostprocessing = 0;
		};
/* End PBXResourcesBuildPhase section */

/* Begin PBXSourcesBuildPhase section */
		C36614DD2630B1450060889B /* Sources */ = {
			isa = PBXSourcesBuildPhase;
			buildActionMask = 2147483647;
			files = (
				C36614E92630B1450060889B /* ViewController.swift in Sources */,
				C3EB066C263204FB00584AA9 /* PhotoCollectionViewCell.swift in Sources */,
				C36614E52630B1450060889B /* AppDelegate.swift in Sources */,
				C36614E72630B1450060889B /* SceneDelegate.swift in Sources */,
			);
			runOnlyForDeploymentPostprocessing = 0;
		};
		C36614F32630B1460060889B /* Sources */ = {
			isa = PBXSourcesBuildPhase;
			buildActionMask = 2147483647;
			files = (
				C36614FC2630B1460060889B /* Komoot_Challenge_Carl_NashTests.swift in Sources */,
			);
			runOnlyForDeploymentPostprocessing = 0;
		};
		C36614FE2630B1460060889B /* Sources */ = {
			isa = PBXSourcesBuildPhase;
			buildActionMask = 2147483647;
			files = (
				C36615072630B1460060889B /* Komoot_Challenge_Carl_NashUITests.swift in Sources */,
			);
			runOnlyForDeploymentPostprocessing = 0;
		};
/* End PBXSourcesBuildPhase section */

/* Begin PBXTargetDependency section */
		C36614F92630B1460060889B /* PBXTargetDependency */ = {
			isa = PBXTargetDependency;
			target = C36614E02630B1450060889B /* Komoot Challenge Carl Nash */;
			targetProxy = C36614F82630B1460060889B /* PBXContainerItemProxy */;
		};
		C36615042630B1460060889B /* PBXTargetDependency */ = {
			isa = PBXTargetDependency;
			target = C36614E02630B1450060889B /* Komoot Challenge Carl Nash */;
			targetProxy = C36615032630B1460060889B /* PBXContainerItemProxy */;
		};
/* End PBXTargetDependency section */

/* Begin PBXVariantGroup section */
		C36614EA2630B1450060889B /* Main.storyboard */ = {
			isa = PBXVariantGroup;
			children = (
				C36614EB2630B1450060889B /* Base */,
			);
			name = Main.storyboard;
			sourceTree = "<group>";
		};
		C36614EF2630B1460060889B /* LaunchScreen.storyboard */ = {
			isa = PBXVariantGroup;
			children = (
				C36614F02630B1460060889B /* Base */,
			);
			name = LaunchScreen.storyboard;
			sourceTree = "<group>";
		};
/* End PBXVariantGroup section */

/* Begin XCBuildConfiguration section */
		C36615092630B1460060889B /* Debug */ = {
			isa = XCBuildConfiguration;
			buildSettings = {
				ALWAYS_SEARCH_USER_PATHS = NO;
				CLANG_ANALYZER_NONNULL = YES;
				CLANG_ANALYZER_NUMBER_OBJECT_CONVERSION = YES_AGGRESSIVE;
				CLANG_CXX_LANGUAGE_STANDARD = "gnu++14";
				CLANG_CXX_LIBRARY = "libc++";
				CLANG_ENABLE_MODULES = YES;
				CLANG_ENABLE_OBJC_ARC = YES;
				CLANG_ENABLE_OBJC_WEAK = YES;
				CLANG_WARN_BLOCK_CAPTURE_AUTORELEASING = YES;
				CLANG_WARN_BOOL_CONVERSION = YES;
				CLANG_WARN_COMMA = YES;
				CLANG_WARN_CONSTANT_CONVERSION = YES;
				CLANG_WARN_DEPRECATED_OBJC_IMPLEMENTATIONS = YES;
				CLANG_WARN_DIRECT_OBJC_ISA_USAGE = YES_ERROR;
				CLANG_WARN_DOCUMENTATION_COMMENTS = YES;
				CLANG_WARN_EMPTY_BODY = YES;
				CLANG_WARN_ENUM_CONVERSION = YES;
				CLANG_WARN_INFINITE_RECURSION = YES;
				CLANG_WARN_INT_CONVERSION = YES;
				CLANG_WARN_NON_LITERAL_NULL_CONVERSION = YES;
				CLANG_WARN_OBJC_IMPLICIT_RETAIN_SELF = YES;
				CLANG_WARN_OBJC_LITERAL_CONVERSION = YES;
				CLANG_WARN_OBJC_ROOT_CLASS = YES_ERROR;
				CLANG_WARN_QUOTED_INCLUDE_IN_FRAMEWORK_HEADER = YES;
				CLANG_WARN_RANGE_LOOP_ANALYSIS = YES;
				CLANG_WARN_STRICT_PROTOTYPES = YES;
				CLANG_WARN_SUSPICIOUS_MOVE = YES;
				CLANG_WARN_UNGUARDED_AVAILABILITY = YES_AGGRESSIVE;
				CLANG_WARN_UNREACHABLE_CODE = YES;
				CLANG_WARN__DUPLICATE_METHOD_MATCH = YES;
				COPY_PHASE_STRIP = NO;
				DEBUG_INFORMATION_FORMAT = dwarf;
				ENABLE_STRICT_OBJC_MSGSEND = YES;
				ENABLE_TESTABILITY = YES;
				GCC_C_LANGUAGE_STANDARD = gnu11;
				GCC_DYNAMIC_NO_PIC = NO;
				GCC_NO_COMMON_BLOCKS = YES;
				GCC_OPTIMIZATION_LEVEL = 0;
				GCC_PREPROCESSOR_DEFINITIONS = (
					"DEBUG=1",
					"$(inherited)",
				);
				GCC_WARN_64_TO_32_BIT_CONVERSION = YES;
				GCC_WARN_ABOUT_RETURN_TYPE = YES_ERROR;
				GCC_WARN_UNDECLARED_SELECTOR = YES;
				GCC_WARN_UNINITIALIZED_AUTOS = YES_AGGRESSIVE;
				GCC_WARN_UNUSED_FUNCTION = YES;
				GCC_WARN_UNUSED_VARIABLE = YES;
				IPHONEOS_DEPLOYMENT_TARGET = 14.3;
				MTL_ENABLE_DEBUG_INFO = INCLUDE_SOURCE;
				MTL_FAST_MATH = YES;
				ONLY_ACTIVE_ARCH = YES;
				SDKROOT = iphoneos;
				SWIFT_ACTIVE_COMPILATION_CONDITIONS = DEBUG;
				SWIFT_OPTIMIZATION_LEVEL = "-Onone";
			};
			name = Debug;
		};
		C366150A2630B1460060889B /* Release */ = {
			isa = XCBuildConfiguration;
			buildSettings = {
				ALWAYS_SEARCH_USER_PATHS = NO;
				CLANG_ANALYZER_NONNULL = YES;
				CLANG_ANALYZER_NUMBER_OBJECT_CONVERSION = YES_AGGRESSIVE;
				CLANG_CXX_LANGUAGE_STANDARD = "gnu++14";
				CLANG_CXX_LIBRARY = "libc++";
				CLANG_ENABLE_MODULES = YES;
				CLANG_ENABLE_OBJC_ARC = YES;
				CLANG_ENABLE_OBJC_WEAK = YES;
				CLANG_WARN_BLOCK_CAPTURE_AUTORELEASING = YES;
				CLANG_WARN_BOOL_CONVERSION = YES;
				CLANG_WARN_COMMA = YES;
				CLANG_WARN_CONSTANT_CONVERSION = YES;
				CLANG_WARN_DEPRECATED_OBJC_IMPLEMENTATIONS = YES;
				CLANG_WARN_DIRECT_OBJC_ISA_USAGE = YES_ERROR;
				CLANG_WARN_DOCUMENTATION_COMMENTS = YES;
				CLANG_WARN_EMPTY_BODY = YES;
				CLANG_WARN_ENUM_CONVERSION = YES;
				CLANG_WARN_INFINITE_RECURSION = YES;
				CLANG_WARN_INT_CONVERSION = YES;
				CLANG_WARN_NON_LITERAL_NULL_CONVERSION = YES;
				CLANG_WARN_OBJC_IMPLICIT_RETAIN_SELF = YES;
				CLANG_WARN_OBJC_LITERAL_CONVERSION = YES;
				CLANG_WARN_OBJC_ROOT_CLASS = YES_ERROR;
				CLANG_WARN_QUOTED_INCLUDE_IN_FRAMEWORK_HEADER = YES;
				CLANG_WARN_RANGE_LOOP_ANALYSIS = YES;
				CLANG_WARN_STRICT_PROTOTYPES = YES;
				CLANG_WARN_SUSPICIOUS_MOVE = YES;
				CLANG_WARN_UNGUARDED_AVAILABILITY = YES_AGGRESSIVE;
				CLANG_WARN_UNREACHABLE_CODE = YES;
				CLANG_WARN__DUPLICATE_METHOD_MATCH = YES;
				COPY_PHASE_STRIP = NO;
				DEBUG_INFORMATION_FORMAT = "dwarf-with-dsym";
				ENABLE_NS_ASSERTIONS = NO;
				ENABLE_STRICT_OBJC_MSGSEND = YES;
				GCC_C_LANGUAGE_STANDARD = gnu11;
				GCC_NO_COMMON_BLOCKS = YES;
				GCC_WARN_64_TO_32_BIT_CONVERSION = YES;
				GCC_WARN_ABOUT_RETURN_TYPE = YES_ERROR;
				GCC_WARN_UNDECLARED_SELECTOR = YES;
				GCC_WARN_UNINITIALIZED_AUTOS = YES_AGGRESSIVE;
				GCC_WARN_UNUSED_FUNCTION = YES;
				GCC_WARN_UNUSED_VARIABLE = YES;
				IPHONEOS_DEPLOYMENT_TARGET = 14.3;
				MTL_ENABLE_DEBUG_INFO = NO;
				MTL_FAST_MATH = YES;
				SDKROOT = iphoneos;
				SWIFT_COMPILATION_MODE = wholemodule;
				SWIFT_OPTIMIZATION_LEVEL = "-O";
				VALIDATE_PRODUCT = YES;
			};
			name = Release;
		};
		C366150C2630B1460060889B /* Debug */ = {
			isa = XCBuildConfiguration;
			buildSettings = {
				ASSETCATALOG_COMPILER_APPICON_NAME = AppIcon;
				ASSETCATALOG_COMPILER_GLOBAL_ACCENT_COLOR_NAME = AccentColor;
				CODE_SIGN_STYLE = Automatic;
				DEVELOPMENT_TEAM = 7KN75TC55T;
				INFOPLIST_FILE = "Komoot Challenge Carl Nash/Info.plist";
				LD_RUNPATH_SEARCH_PATHS = (
					"$(inherited)",
					"@executable_path/Frameworks",
				);
				PRODUCT_BUNDLE_IDENTIFIER = "com.Komoot-Challenge-Carl-Nash";
				PRODUCT_NAME = "$(TARGET_NAME)";
				SWIFT_VERSION = 5.0;
				TARGETED_DEVICE_FAMILY = "1,2";
			};
			name = Debug;
		};
		C366150D2630B1460060889B /* Release */ = {
			isa = XCBuildConfiguration;
			buildSettings = {
				ASSETCATALOG_COMPILER_APPICON_NAME = AppIcon;
				ASSETCATALOG_COMPILER_GLOBAL_ACCENT_COLOR_NAME = AccentColor;
				CODE_SIGN_STYLE = Automatic;
				DEVELOPMENT_TEAM = 7KN75TC55T;
				INFOPLIST_FILE = "Komoot Challenge Carl Nash/Info.plist";
				LD_RUNPATH_SEARCH_PATHS = (
					"$(inherited)",
					"@executable_path/Frameworks",
				);
				PRODUCT_BUNDLE_IDENTIFIER = "com.Komoot-Challenge-Carl-Nash";
				PRODUCT_NAME = "$(TARGET_NAME)";
				SWIFT_VERSION = 5.0;
				TARGETED_DEVICE_FAMILY = "1,2";
			};
			name = Release;
		};
		C366150F2630B1460060889B /* Debug */ = {
			isa = XCBuildConfiguration;
			buildSettings = {
				ALWAYS_EMBED_SWIFT_STANDARD_LIBRARIES = YES;
				BUNDLE_LOADER = "$(TEST_HOST)";
				CODE_SIGN_STYLE = Automatic;
				DEVELOPMENT_TEAM = 7KN75TC55T;
				INFOPLIST_FILE = "Komoot Challenge Carl NashTests/Info.plist";
				IPHONEOS_DEPLOYMENT_TARGET = 14.3;
				LD_RUNPATH_SEARCH_PATHS = (
					"$(inherited)",
					"@executable_path/Frameworks",
					"@loader_path/Frameworks",
				);
				PRODUCT_BUNDLE_IDENTIFIER = "com.Komoot-Challenge-Carl-NashTests";
				PRODUCT_NAME = "$(TARGET_NAME)";
				SWIFT_VERSION = 5.0;
				TARGETED_DEVICE_FAMILY = "1,2";
				TEST_HOST = "$(BUILT_PRODUCTS_DIR)/Komoot Challenge Carl Nash.app/Komoot Challenge Carl Nash";
			};
			name = Debug;
		};
		C36615102630B1460060889B /* Release */ = {
			isa = XCBuildConfiguration;
			buildSettings = {
				ALWAYS_EMBED_SWIFT_STANDARD_LIBRARIES = YES;
				BUNDLE_LOADER = "$(TEST_HOST)";
				CODE_SIGN_STYLE = Automatic;
				DEVELOPMENT_TEAM = 7KN75TC55T;
				INFOPLIST_FILE = "Komoot Challenge Carl NashTests/Info.plist";
				IPHONEOS_DEPLOYMENT_TARGET = 14.3;
				LD_RUNPATH_SEARCH_PATHS = (
					"$(inherited)",
					"@executable_path/Frameworks",
					"@loader_path/Frameworks",
				);
				PRODUCT_BUNDLE_IDENTIFIER = "com.Komoot-Challenge-Carl-NashTests";
				PRODUCT_NAME = "$(TARGET_NAME)";
				SWIFT_VERSION = 5.0;
				TARGETED_DEVICE_FAMILY = "1,2";
				TEST_HOST = "$(BUILT_PRODUCTS_DIR)/Komoot Challenge Carl Nash.app/Komoot Challenge Carl Nash";
			};
			name = Release;
		};
		C36615122630B1460060889B /* Debug */ = {
			isa = XCBuildConfiguration;
			buildSettings = {
				ALWAYS_EMBED_SWIFT_STANDARD_LIBRARIES = YES;
				CODE_SIGN_STYLE = Automatic;
				DEVELOPMENT_TEAM = 7KN75TC55T;
				INFOPLIST_FILE = "Komoot Challenge Carl NashUITests/Info.plist";
				LD_RUNPATH_SEARCH_PATHS = (
					"$(inherited)",
					"@executable_path/Frameworks",
					"@loader_path/Frameworks",
				);
				PRODUCT_BUNDLE_IDENTIFIER = "com.Komoot-Challenge-Carl-NashUITests";
				PRODUCT_NAME = "$(TARGET_NAME)";
				SWIFT_VERSION = 5.0;
				TARGETED_DEVICE_FAMILY = "1,2";
				TEST_TARGET_NAME = "Komoot Challenge Carl Nash";
			};
			name = Debug;
		};
		C36615132630B1460060889B /* Release */ = {
			isa = XCBuildConfiguration;
			buildSettings = {
				ALWAYS_EMBED_SWIFT_STANDARD_LIBRARIES = YES;
				CODE_SIGN_STYLE = Automatic;
				DEVELOPMENT_TEAM = 7KN75TC55T;
				INFOPLIST_FILE = "Komoot Challenge Carl NashUITests/Info.plist";
				LD_RUNPATH_SEARCH_PATHS = (
					"$(inherited)",
					"@executable_path/Frameworks",
					"@loader_path/Frameworks",
				);
				PRODUCT_BUNDLE_IDENTIFIER = "com.Komoot-Challenge-Carl-NashUITests";
				PRODUCT_NAME = "$(TARGET_NAME)";
				SWIFT_VERSION = 5.0;
				TARGETED_DEVICE_FAMILY = "1,2";
				TEST_TARGET_NAME = "Komoot Challenge Carl Nash";
			};
			name = Release;
		};
/* End XCBuildConfiguration section */

/* Begin XCConfigurationList section */
		C36614DC2630B1450060889B /* Build configuration list for PBXProject "Komoot Challenge Carl Nash" */ = {
			isa = XCConfigurationList;
			buildConfigurations = (
				C36615092630B1460060889B /* Debug */,
				C366150A2630B1460060889B /* Release */,
			);
			defaultConfigurationIsVisible = 0;
			defaultConfigurationName = Release;
		};
		C366150B2630B1460060889B /* Build configuration list for PBXNativeTarget "Komoot Challenge Carl Nash" */ = {
			isa = XCConfigurationList;
			buildConfigurations = (
				C366150C2630B1460060889B /* Debug */,
				C366150D2630B1460060889B /* Release */,
			);
			defaultConfigurationIsVisible = 0;
			defaultConfigurationName = Release;
		};
		C366150E2630B1460060889B /* Build configuration list for PBXNativeTarget "Komoot Challenge Carl NashTests" */ = {
			isa = XCConfigurationList;
			buildConfigurations = (
				C366150F2630B1460060889B /* Debug */,
				C36615102630B1460060889B /* Release */,
			);
			defaultConfigurationIsVisible = 0;
			defaultConfigurationName = Release;
		};
		C36615112630B1460060889B /* Build configuration list for PBXNativeTarget "Komoot Challenge Carl NashUITests" */ = {
			isa = XCConfigurationList;
			buildConfigurations = (
				C36615122630B1460060889B /* Debug */,
				C36615132630B1460060889B /* Release */,
			);
			defaultConfigurationIsVisible = 0;
			defaultConfigurationName = Release;
		};
/* End XCConfigurationList section */
	};
	rootObject = C36614D92630B1450060889B /* Project object */;
}
